// !$*UTF8*$!
{
	archiveVersion = 1;
	classes = {
	};
	objectVersion = 46;
	objects = {

/* Begin PBXBuildFile section */
		2A9C93F51EA7F8D200D38E14 /* AppDelegate.swift in Sources */ = {isa = PBXBuildFile; fileRef = 2A9C93F41EA7F8D200D38E14 /* AppDelegate.swift */; };
		2A9C93F71EA7F8D200D38E14 /* SignInController.swift in Sources */ = {isa = PBXBuildFile; fileRef = 2A9C93F61EA7F8D200D38E14 /* SignInController.swift */; };
		2A9C93FA1EA7F8D200D38E14 /* Main.storyboard in Resources */ = {isa = PBXBuildFile; fileRef = 2A9C93F81EA7F8D200D38E14 /* Main.storyboard */; };
		2A9C93FD1EA7F8D200D38E14 /* litroomsocial.xcdatamodeld in Sources */ = {isa = PBXBuildFile; fileRef = 2A9C93FB1EA7F8D200D38E14 /* litroomsocial.xcdatamodeld */; };
		2A9C93FF1EA7F8D200D38E14 /* Assets.xcassets in Resources */ = {isa = PBXBuildFile; fileRef = 2A9C93FE1EA7F8D200D38E14 /* Assets.xcassets */; };
		2A9C94021EA7F8D200D38E14 /* LaunchScreen.storyboard in Resources */ = {isa = PBXBuildFile; fileRef = 2A9C94001EA7F8D200D38E14 /* LaunchScreen.storyboard */; };
		2A9C940D1EA7F8D300D38E14 /* litroomsocialTests.swift in Sources */ = {isa = PBXBuildFile; fileRef = 2A9C940C1EA7F8D300D38E14 /* litroomsocialTests.swift */; };
		2A9C94181EA7F98300D38E14 /* GoogleService-Info.plist in Resources */ = {isa = PBXBuildFile; fileRef = 2A9C94171EA7F98300D38E14 /* GoogleService-Info.plist */; };
		2A9C941C1EA8039D00D38E14 /* FancyView.swift in Sources */ = {isa = PBXBuildFile; fileRef = 2A9C941B1EA8039D00D38E14 /* FancyView.swift */; };
		2A9C941E1EA803EC00D38E14 /* Constants.swift in Sources */ = {isa = PBXBuildFile; fileRef = 2A9C941D1EA803EC00D38E14 /* Constants.swift */; };
		2A9C94201EA804E000D38E14 /* FancyTextField.swift in Sources */ = {isa = PBXBuildFile; fileRef = 2A9C941F1EA804E000D38E14 /* FancyTextField.swift */; };
		2A9C94221EA804FE00D38E14 /* FancyButton.swift in Sources */ = {isa = PBXBuildFile; fileRef = 2A9C94211EA804FE00D38E14 /* FancyButton.swift */; };
		2A9C94241EA8061600D38E14 /* RoundedFancyButton.swift in Sources */ = {isa = PBXBuildFile; fileRef = 2A9C94231EA8061600D38E14 /* RoundedFancyButton.swift */; };
		2A9C94271EA8403400D38E14 /* FeedController.swift in Sources */ = {isa = PBXBuildFile; fileRef = 2A9C94261EA8403400D38E14 /* FeedController.swift */; };
		2A9C94291EAA774400D38E14 /* CircleImage.swift in Sources */ = {isa = PBXBuildFile; fileRef = 2A9C94281EAA774400D38E14 /* CircleImage.swift */; };
		95768E4C1E0757D4960091D5 /* Pods_litroomsocialTests.framework in Frameworks */ = {isa = PBXBuildFile; fileRef = 79F6943CA7E6B749BCD78B4C /* Pods_litroomsocialTests.framework */; };
		F6ADD1F60D4FEF73B867FD89 /* Pods_litroomsocial.framework in Frameworks */ = {isa = PBXBuildFile; fileRef = B96C0477620F653C1762F9E5 /* Pods_litroomsocial.framework */; };
/* End PBXBuildFile section */

/* Begin PBXContainerItemProxy section */
		2A9C94091EA7F8D300D38E14 /* PBXContainerItemProxy */ = {
			isa = PBXContainerItemProxy;
			containerPortal = 2A9C93E91EA7F8D200D38E14 /* Project object */;
			proxyType = 1;
			remoteGlobalIDString = 2A9C93F01EA7F8D200D38E14;
			remoteInfo = litroomsocial;
		};
/* End PBXContainerItemProxy section */

/* Begin PBXFileReference section */
		2A9C93F11EA7F8D200D38E14 /* litroomsocial.app */ = {isa = PBXFileReference; explicitFileType = wrapper.application; includeInIndex = 0; path = litroomsocial.app; sourceTree = BUILT_PRODUCTS_DIR; };
		2A9C93F41EA7F8D200D38E14 /* AppDelegate.swift */ = {isa = PBXFileReference; lastKnownFileType = sourcecode.swift; path = AppDelegate.swift; sourceTree = "<group>"; };
		2A9C93F61EA7F8D200D38E14 /* SignInController.swift */ = {isa = PBXFileReference; lastKnownFileType = sourcecode.swift; path = SignInController.swift; sourceTree = "<group>"; };
		2A9C93F91EA7F8D200D38E14 /* Base */ = {isa = PBXFileReference; lastKnownFileType = file.storyboard; name = Base; path = Base.lproj/Main.storyboard; sourceTree = "<group>"; };
		2A9C93FC1EA7F8D200D38E14 /* litroomsocial.xcdatamodel */ = {isa = PBXFileReference; lastKnownFileType = wrapper.xcdatamodel; path = litroomsocial.xcdatamodel; sourceTree = "<group>"; };
		2A9C93FE1EA7F8D200D38E14 /* Assets.xcassets */ = {isa = PBXFileReference; lastKnownFileType = folder.assetcatalog; path = Assets.xcassets; sourceTree = "<group>"; };
		2A9C94011EA7F8D200D38E14 /* Base */ = {isa = PBXFileReference; lastKnownFileType = file.storyboard; name = Base; path = Base.lproj/LaunchScreen.storyboard; sourceTree = "<group>"; };
		2A9C94031EA7F8D200D38E14 /* Info.plist */ = {isa = PBXFileReference; lastKnownFileType = text.plist.xml; path = Info.plist; sourceTree = "<group>"; };
		2A9C94081EA7F8D300D38E14 /* litroomsocialTests.xctest */ = {isa = PBXFileReference; explicitFileType = wrapper.cfbundle; includeInIndex = 0; path = litroomsocialTests.xctest; sourceTree = BUILT_PRODUCTS_DIR; };
		2A9C940C1EA7F8D300D38E14 /* litroomsocialTests.swift */ = {isa = PBXFileReference; lastKnownFileType = sourcecode.swift; path = litroomsocialTests.swift; sourceTree = "<group>"; };
		2A9C940E1EA7F8D300D38E14 /* Info.plist */ = {isa = PBXFileReference; lastKnownFileType = text.plist.xml; path = Info.plist; sourceTree = "<group>"; };
		2A9C94171EA7F98300D38E14 /* GoogleService-Info.plist */ = {isa = PBXFileReference; fileEncoding = 4; lastKnownFileType = text.plist.xml; path = "GoogleService-Info.plist"; sourceTree = "<group>"; };
		2A9C941B1EA8039D00D38E14 /* FancyView.swift */ = {isa = PBXFileReference; fileEncoding = 4; lastKnownFileType = sourcecode.swift; path = FancyView.swift; sourceTree = "<group>"; };
		2A9C941D1EA803EC00D38E14 /* Constants.swift */ = {isa = PBXFileReference; fileEncoding = 4; lastKnownFileType = sourcecode.swift; path = Constants.swift; sourceTree = "<group>"; };
		2A9C941F1EA804E000D38E14 /* FancyTextField.swift */ = {isa = PBXFileReference; fileEncoding = 4; lastKnownFileType = sourcecode.swift; path = FancyTextField.swift; sourceTree = "<group>"; };
		2A9C94211EA804FE00D38E14 /* FancyButton.swift */ = {isa = PBXFileReference; fileEncoding = 4; lastKnownFileType = sourcecode.swift; path = FancyButton.swift; sourceTree = "<group>"; };
		2A9C94231EA8061600D38E14 /* RoundedFancyButton.swift */ = {isa = PBXFileReference; fileEncoding = 4; lastKnownFileType = sourcecode.swift; path = RoundedFancyButton.swift; sourceTree = "<group>"; };
		2A9C94261EA8403400D38E14 /* FeedController.swift */ = {isa = PBXFileReference; fileEncoding = 4; lastKnownFileType = sourcecode.swift; path = FeedController.swift; sourceTree = "<group>"; };
		2A9C94281EAA774400D38E14 /* CircleImage.swift */ = {isa = PBXFileReference; fileEncoding = 4; lastKnownFileType = sourcecode.swift; path = CircleImage.swift; sourceTree = "<group>"; };
		3C9CB6E3DE1EF69371923CBD /* Pods-litroomsocial.debug.xcconfig */ = {isa = PBXFileReference; includeInIndex = 1; lastKnownFileType = text.xcconfig; name = "Pods-litroomsocial.debug.xcconfig"; path = "Pods/Target Support Files/Pods-litroomsocial/Pods-litroomsocial.debug.xcconfig"; sourceTree = "<group>"; };
		79F6943CA7E6B749BCD78B4C /* Pods_litroomsocialTests.framework */ = {isa = PBXFileReference; explicitFileType = wrapper.framework; includeInIndex = 0; path = Pods_litroomsocialTests.framework; sourceTree = BUILT_PRODUCTS_DIR; };
		AE94547A02BC915BF30501DA /* Pods-litroomsocialTests.release.xcconfig */ = {isa = PBXFileReference; includeInIndex = 1; lastKnownFileType = text.xcconfig; name = "Pods-litroomsocialTests.release.xcconfig"; path = "Pods/Target Support Files/Pods-litroomsocialTests/Pods-litroomsocialTests.release.xcconfig"; sourceTree = "<group>"; };
		B96C0477620F653C1762F9E5 /* Pods_litroomsocial.framework */ = {isa = PBXFileReference; explicitFileType = wrapper.framework; includeInIndex = 0; path = Pods_litroomsocial.framework; sourceTree = BUILT_PRODUCTS_DIR; };
		C273DA70FD1F41AC6BEA4454 /* Pods-litroomsocialTests.debug.xcconfig */ = {isa = PBXFileReference; includeInIndex = 1; lastKnownFileType = text.xcconfig; name = "Pods-litroomsocialTests.debug.xcconfig"; path = "Pods/Target Support Files/Pods-litroomsocialTests/Pods-litroomsocialTests.debug.xcconfig"; sourceTree = "<group>"; };
		C41C4631CA7A274DC6A06751 /* Pods-litroomsocial.release.xcconfig */ = {isa = PBXFileReference; includeInIndex = 1; lastKnownFileType = text.xcconfig; name = "Pods-litroomsocial.release.xcconfig"; path = "Pods/Target Support Files/Pods-litroomsocial/Pods-litroomsocial.release.xcconfig"; sourceTree = "<group>"; };
/* End PBXFileReference section */

/* Begin PBXFrameworksBuildPhase section */
		2A9C93EE1EA7F8D200D38E14 /* Frameworks */ = {
			isa = PBXFrameworksBuildPhase;
			buildActionMask = 2147483647;
			files = (
				F6ADD1F60D4FEF73B867FD89 /* Pods_litroomsocial.framework in Frameworks */,
			);
			runOnlyForDeploymentPostprocessing = 0;
		};
		2A9C94051EA7F8D300D38E14 /* Frameworks */ = {
			isa = PBXFrameworksBuildPhase;
			buildActionMask = 2147483647;
			files = (
				95768E4C1E0757D4960091D5 /* Pods_litroomsocialTests.framework in Frameworks */,
			);
			runOnlyForDeploymentPostprocessing = 0;
		};
/* End PBXFrameworksBuildPhase section */

/* Begin PBXGroup section */
		13EDFFCF14F5278385FA9DA3 /* Pods */ = {
			isa = PBXGroup;
			children = (
				3C9CB6E3DE1EF69371923CBD /* Pods-litroomsocial.debug.xcconfig */,
				C41C4631CA7A274DC6A06751 /* Pods-litroomsocial.release.xcconfig */,
				C273DA70FD1F41AC6BEA4454 /* Pods-litroomsocialTests.debug.xcconfig */,
				AE94547A02BC915BF30501DA /* Pods-litroomsocialTests.release.xcconfig */,
			);
			name = Pods;
			sourceTree = "<group>";
		};
		2A9C93E81EA7F8D200D38E14 = {
			isa = PBXGroup;
			children = (
				2A9C93F31EA7F8D200D38E14 /* litroomsocial */,
				2A9C940B1EA7F8D300D38E14 /* litroomsocialTests */,
				2A9C93F21EA7F8D200D38E14 /* Products */,
				13EDFFCF14F5278385FA9DA3 /* Pods */,
				AF795B0C3A7AE63AA5E26119 /* Frameworks */,
			);
			sourceTree = "<group>";
		};
		2A9C93F21EA7F8D200D38E14 /* Products */ = {
			isa = PBXGroup;
			children = (
				2A9C93F11EA7F8D200D38E14 /* litroomsocial.app */,
				2A9C94081EA7F8D300D38E14 /* litroomsocialTests.xctest */,
			);
			name = Products;
			sourceTree = "<group>";
		};
		2A9C93F31EA7F8D200D38E14 /* litroomsocial */ = {
			isa = PBXGroup;
			children = (
				2A9C94251EA80F3700D38E14 /* Controller */,
				2A9C941A1EA8038200D38E14 /* Utility */,
				2A9C94191EA8037700D38E14 /* View */,
				2A9C93F41EA7F8D200D38E14 /* AppDelegate.swift */,
				2A9C93F81EA7F8D200D38E14 /* Main.storyboard */,
				2A9C93FE1EA7F8D200D38E14 /* Assets.xcassets */,
				2A9C94001EA7F8D200D38E14 /* LaunchScreen.storyboard */,
				2A9C94031EA7F8D200D38E14 /* Info.plist */,
				2A9C94171EA7F98300D38E14 /* GoogleService-Info.plist */,
				2A9C93FB1EA7F8D200D38E14 /* litroomsocial.xcdatamodeld */,
			);
			path = litroomsocial;
			sourceTree = "<group>";
		};
		2A9C940B1EA7F8D300D38E14 /* litroomsocialTests */ = {
			isa = PBXGroup;
			children = (
				2A9C940C1EA7F8D300D38E14 /* litroomsocialTests.swift */,
				2A9C940E1EA7F8D300D38E14 /* Info.plist */,
			);
			path = litroomsocialTests;
			sourceTree = "<group>";
		};
		2A9C94191EA8037700D38E14 /* View */ = {
			isa = PBXGroup;
			children = (
				2A9C941B1EA8039D00D38E14 /* FancyView.swift */,
				2A9C941F1EA804E000D38E14 /* FancyTextField.swift */,
				2A9C94211EA804FE00D38E14 /* FancyButton.swift */,
				2A9C94231EA8061600D38E14 /* RoundedFancyButton.swift */,
				2A9C94281EAA774400D38E14 /* CircleImage.swift */,
			);
			name = View;
			sourceTree = "<group>";
		};
		2A9C941A1EA8038200D38E14 /* Utility */ = {
			isa = PBXGroup;
			children = (
				2A9C941D1EA803EC00D38E14 /* Constants.swift */,
			);
			name = Utility;
			sourceTree = "<group>";
		};
		2A9C94251EA80F3700D38E14 /* Controller */ = {
			isa = PBXGroup;
			children = (
				2A9C93F61EA7F8D200D38E14 /* SignInController.swift */,
				2A9C94261EA8403400D38E14 /* FeedController.swift */,
			);
			name = Controller;
			sourceTree = "<group>";
		};
		AF795B0C3A7AE63AA5E26119 /* Frameworks */ = {
			isa = PBXGroup;
			children = (
				B96C0477620F653C1762F9E5 /* Pods_litroomsocial.framework */,
				79F6943CA7E6B749BCD78B4C /* Pods_litroomsocialTests.framework */,
			);
			name = Frameworks;
			sourceTree = "<group>";
		};
/* End PBXGroup section */

/* Begin PBXNativeTarget section */
		2A9C93F01EA7F8D200D38E14 /* litroomsocial */ = {
			isa = PBXNativeTarget;
			buildConfigurationList = 2A9C94111EA7F8D300D38E14 /* Build configuration list for PBXNativeTarget "litroomsocial" */;
			buildPhases = (
				4601873AB7A305CDFAEEC880 /* [CP] Check Pods Manifest.lock */,
				2A9C93ED1EA7F8D200D38E14 /* Sources */,
				2A9C93EE1EA7F8D200D38E14 /* Frameworks */,
				2A9C93EF1EA7F8D200D38E14 /* Resources */,
				A3E31DC367361E089E0C2A95 /* [CP] Embed Pods Frameworks */,
				CE206A233C04F9D8C57A47B1 /* [CP] Copy Pods Resources */,
			);
			buildRules = (
			);
			dependencies = (
			);
			name = litroomsocial;
			productName = litroomsocial;
			productReference = 2A9C93F11EA7F8D200D38E14 /* litroomsocial.app */;
			productType = "com.apple.product-type.application";
		};
		2A9C94071EA7F8D300D38E14 /* litroomsocialTests */ = {
			isa = PBXNativeTarget;
			buildConfigurationList = 2A9C94141EA7F8D300D38E14 /* Build configuration list for PBXNativeTarget "litroomsocialTests" */;
			buildPhases = (
				7357361E50F9CE0036A6FB82 /* [CP] Check Pods Manifest.lock */,
				2A9C94041EA7F8D300D38E14 /* Sources */,
				2A9C94051EA7F8D300D38E14 /* Frameworks */,
				2A9C94061EA7F8D300D38E14 /* Resources */,
				40A51B1604F5CAECE818C4E0 /* [CP] Embed Pods Frameworks */,
				1E8815F5C71F0EEBE8E4EA00 /* [CP] Copy Pods Resources */,
			);
			buildRules = (
			);
			dependencies = (
				2A9C940A1EA7F8D300D38E14 /* PBXTargetDependency */,
			);
			name = litroomsocialTests;
			productName = litroomsocialTests;
			productReference = 2A9C94081EA7F8D300D38E14 /* litroomsocialTests.xctest */;
			productType = "com.apple.product-type.bundle.unit-test";
		};
/* End PBXNativeTarget section */

/* Begin PBXProject section */
		2A9C93E91EA7F8D200D38E14 /* Project object */ = {
			isa = PBXProject;
			attributes = {
				LastSwiftUpdateCheck = 0830;
				LastUpgradeCheck = 0830;
				ORGANIZATIONNAME = Litroom;
				TargetAttributes = {
					2A9C93F01EA7F8D200D38E14 = {
						CreatedOnToolsVersion = 8.3;
						DevelopmentTeam = 9Q6XD4YG28;
						ProvisioningStyle = Automatic;
					};
					2A9C94071EA7F8D300D38E14 = {
						CreatedOnToolsVersion = 8.3;
						ProvisioningStyle = Automatic;
						TestTargetID = 2A9C93F01EA7F8D200D38E14;
					};
				};
			};
			buildConfigurationList = 2A9C93EC1EA7F8D200D38E14 /* Build configuration list for PBXProject "litroomsocial" */;
			compatibilityVersion = "Xcode 3.2";
			developmentRegion = English;
			hasScannedForEncodings = 0;
			knownRegions = (
				en,
				Base,
			);
			mainGroup = 2A9C93E81EA7F8D200D38E14;
			productRefGroup = 2A9C93F21EA7F8D200D38E14 /* Products */;
			projectDirPath = "";
			projectRoot = "";
			targets = (
				2A9C93F01EA7F8D200D38E14 /* litroomsocial */,
				2A9C94071EA7F8D300D38E14 /* litroomsocialTests */,
			);
		};
/* End PBXProject section */

/* Begin PBXResourcesBuildPhase section */
		2A9C93EF1EA7F8D200D38E14 /* Resources */ = {
			isa = PBXResourcesBuildPhase;
			buildActionMask = 2147483647;
			files = (
				2A9C94021EA7F8D200D38E14 /* LaunchScreen.storyboard in Resources */,
				2A9C94181EA7F98300D38E14 /* GoogleService-Info.plist in Resources */,
				2A9C93FF1EA7F8D200D38E14 /* Assets.xcassets in Resources */,
				2A9C93FA1EA7F8D200D38E14 /* Main.storyboard in Resources */,
			);
			runOnlyForDeploymentPostprocessing = 0;
		};
		2A9C94061EA7F8D300D38E14 /* Resources */ = {
			isa = PBXResourcesBuildPhase;
			buildActionMask = 2147483647;
			files = (
			);
			runOnlyForDeploymentPostprocessing = 0;
		};
/* End PBXResourcesBuildPhase section */

/* Begin PBXShellScriptBuildPhase section */
		1E8815F5C71F0EEBE8E4EA00 /* [CP] Copy Pods Resources */ = {
			isa = PBXShellScriptBuildPhase;
			buildActionMask = 2147483647;
			files = (
			);
			inputPaths = (
			);
			name = "[CP] Copy Pods Resources";
			outputPaths = (
			);
			runOnlyForDeploymentPostprocessing = 0;
			shellPath = /bin/sh;
			shellScript = "\"${SRCROOT}/Pods/Target Support Files/Pods-litroomsocialTests/Pods-litroomsocialTests-resources.sh\"\n";
			showEnvVarsInLog = 0;
		};
		40A51B1604F5CAECE818C4E0 /* [CP] Embed Pods Frameworks */ = {
			isa = PBXShellScriptBuildPhase;
			buildActionMask = 2147483647;
			files = (
			);
			inputPaths = (
			);
			name = "[CP] Embed Pods Frameworks";
			outputPaths = (
			);
			runOnlyForDeploymentPostprocessing = 0;
			shellPath = /bin/sh;
			shellScript = "\"${SRCROOT}/Pods/Target Support Files/Pods-litroomsocialTests/Pods-litroomsocialTests-frameworks.sh\"\n";
			showEnvVarsInLog = 0;
		};
		4601873AB7A305CDFAEEC880 /* [CP] Check Pods Manifest.lock */ = {
			isa = PBXShellScriptBuildPhase;
			buildActionMask = 2147483647;
			files = (
			);
			inputPaths = (
			);
			name = "[CP] Check Pods Manifest.lock";
			outputPaths = (
			);
			runOnlyForDeploymentPostprocessing = 0;
			shellPath = /bin/sh;
			shellScript = "diff \"${PODS_ROOT}/../Podfile.lock\" \"${PODS_ROOT}/Manifest.lock\" > /dev/null\nif [ $? != 0 ] ; then\n    # print error to STDERR\n    echo \"error: The sandbox is not in sync with the Podfile.lock. Run 'pod install' or update your CocoaPods installation.\" >&2\n    exit 1\nfi\n";
			showEnvVarsInLog = 0;
		};
		7357361E50F9CE0036A6FB82 /* [CP] Check Pods Manifest.lock */ = {
			isa = PBXShellScriptBuildPhase;
			buildActionMask = 2147483647;
			files = (
			);
			inputPaths = (
			);
			name = "[CP] Check Pods Manifest.lock";
			outputPaths = (
			);
			runOnlyForDeploymentPostprocessing = 0;
			shellPath = /bin/sh;
			shellScript = "diff \"${PODS_ROOT}/../Podfile.lock\" \"${PODS_ROOT}/Manifest.lock\" > /dev/null\nif [ $? != 0 ] ; then\n    # print error to STDERR\n    echo \"error: The sandbox is not in sync with the Podfile.lock. Run 'pod install' or update your CocoaPods installation.\" >&2\n    exit 1\nfi\n";
			showEnvVarsInLog = 0;
		};
		A3E31DC367361E089E0C2A95 /* [CP] Embed Pods Frameworks */ = {
			isa = PBXShellScriptBuildPhase;
			buildActionMask = 2147483647;
			files = (
			);
			inputPaths = (
			);
			name = "[CP] Embed Pods Frameworks";
			outputPaths = (
			);
			runOnlyForDeploymentPostprocessing = 0;
			shellPath = /bin/sh;
			shellScript = "\"${SRCROOT}/Pods/Target Support Files/Pods-litroomsocial/Pods-litroomsocial-frameworks.sh\"\n";
			showEnvVarsInLog = 0;
		};
		CE206A233C04F9D8C57A47B1 /* [CP] Copy Pods Resources */ = {
			isa = PBXShellScriptBuildPhase;
			buildActionMask = 2147483647;
			files = (
			);
			inputPaths = (
			);
			name = "[CP] Copy Pods Resources";
			outputPaths = (
			);
			runOnlyForDeploymentPostprocessing = 0;
			shellPath = /bin/sh;
			shellScript = "\"${SRCROOT}/Pods/Target Support Files/Pods-litroomsocial/Pods-litroomsocial-resources.sh\"\n";
			showEnvVarsInLog = 0;
		};
/* End PBXShellScriptBuildPhase section */

/* Begin PBXSourcesBuildPhase section */
		2A9C93ED1EA7F8D200D38E14 /* Sources */ = {
			isa = PBXSourcesBuildPhase;
			buildActionMask = 2147483647;
			files = (
				2A9C941E1EA803EC00D38E14 /* Constants.swift in Sources */,
				2A9C94241EA8061600D38E14 /* RoundedFancyButton.swift in Sources */,
				2A9C93F71EA7F8D200D38E14 /* SignInController.swift in Sources */,
				2A9C93FD1EA7F8D200D38E14 /* litroomsocial.xcdatamodeld in Sources */,
				2A9C94221EA804FE00D38E14 /* FancyButton.swift in Sources */,
				2A9C94201EA804E000D38E14 /* FancyTextField.swift in Sources */,
				2A9C941C1EA8039D00D38E14 /* FancyView.swift in Sources */,
				2A9C94271EA8403400D38E14 /* FeedController.swift in Sources */,
				2A9C93F51EA7F8D200D38E14 /* AppDelegate.swift in Sources */,
				2A9C94291EAA774400D38E14 /* CircleImage.swift in Sources */,
			);
			runOnlyForDeploymentPostprocessing = 0;
		};
		2A9C94041EA7F8D300D38E14 /* Sources */ = {
			isa = PBXSourcesBuildPhase;
			buildActionMask = 2147483647;
			files = (
				2A9C940D1EA7F8D300D38E14 /* litroomsocialTests.swift in Sources */,
			);
			runOnlyForDeploymentPostprocessing = 0;
		};
/* End PBXSourcesBuildPhase section */

/* Begin PBXTargetDependency section */
		2A9C940A1EA7F8D300D38E14 /* PBXTargetDependency */ = {
			isa = PBXTargetDependency;
			target = 2A9C93F01EA7F8D200D38E14 /* litroomsocial */;
			targetProxy = 2A9C94091EA7F8D300D38E14 /* PBXContainerItemProxy */;
		};
/* End PBXTargetDependency section */

/* Begin PBXVariantGroup section */
		2A9C93F81EA7F8D200D38E14 /* Main.storyboard */ = {
			isa = PBXVariantGroup;
			children = (
				2A9C93F91EA7F8D200D38E14 /* Base */,
			);
			name = Main.storyboard;
			sourceTree = "<group>";
		};
		2A9C94001EA7F8D200D38E14 /* LaunchScreen.storyboard */ = {
			isa = PBXVariantGroup;
			children = (
				2A9C94011EA7F8D200D38E14 /* Base */,
			);
			name = LaunchScreen.storyboard;
			sourceTree = "<group>";
		};
/* End PBXVariantGroup section */

/* Begin XCBuildConfiguration section */
		2A9C940F1EA7F8D300D38E14 /* Debug */ = {
			isa = XCBuildConfiguration;
			buildSettings = {
				ALWAYS_SEARCH_USER_PATHS = NO;
				CLANG_ANALYZER_NONNULL = YES;
				CLANG_ANALYZER_NUMBER_OBJECT_CONVERSION = YES_AGGRESSIVE;
				CLANG_CXX_LANGUAGE_STANDARD = "gnu++0x";
				CLANG_CXX_LIBRARY = "libc++";
				CLANG_ENABLE_MODULES = YES;
				CLANG_ENABLE_OBJC_ARC = YES;
				CLANG_WARN_BOOL_CONVERSION = YES;
				CLANG_WARN_CONSTANT_CONVERSION = YES;
				CLANG_WARN_DIRECT_OBJC_ISA_USAGE = YES_ERROR;
				CLANG_WARN_DOCUMENTATION_COMMENTS = YES;
				CLANG_WARN_EMPTY_BODY = YES;
				CLANG_WARN_ENUM_CONVERSION = YES;
				CLANG_WARN_INFINITE_RECURSION = YES;
				CLANG_WARN_INT_CONVERSION = YES;
				CLANG_WARN_OBJC_ROOT_CLASS = YES_ERROR;
				CLANG_WARN_SUSPICIOUS_MOVE = YES;
				CLANG_WARN_UNREACHABLE_CODE = YES;
				CLANG_WARN__DUPLICATE_METHOD_MATCH = YES;
				"CODE_SIGN_IDENTITY[sdk=iphoneos*]" = "iPhone Developer";
				COPY_PHASE_STRIP = NO;
				DEBUG_INFORMATION_FORMAT = dwarf;
				ENABLE_STRICT_OBJC_MSGSEND = YES;
				ENABLE_TESTABILITY = YES;
				GCC_C_LANGUAGE_STANDARD = gnu99;
				GCC_DYNAMIC_NO_PIC = NO;
				GCC_NO_COMMON_BLOCKS = YES;
				GCC_OPTIMIZATION_LEVEL = 0;
				GCC_PREPROCESSOR_DEFINITIONS = (
					"DEBUG=1",
					"$(inherited)",
				);
				GCC_WARN_64_TO_32_BIT_CONVERSION = YES;
				GCC_WARN_ABOUT_RETURN_TYPE = YES_ERROR;
				GCC_WARN_UNDECLARED_SELECTOR = YES;
				GCC_WARN_UNINITIALIZED_AUTOS = YES_AGGRESSIVE;
				GCC_WARN_UNUSED_FUNCTION = YES;
				GCC_WARN_UNUSED_VARIABLE = YES;
				IPHONEOS_DEPLOYMENT_TARGET = 10.3;
				MTL_ENABLE_DEBUG_INFO = YES;
				ONLY_ACTIVE_ARCH = YES;
				SDKROOT = iphoneos;
				SWIFT_ACTIVE_COMPILATION_CONDITIONS = DEBUG;
				SWIFT_OPTIMIZATION_LEVEL = "-Onone";
				TARGETED_DEVICE_FAMILY = "1,2";
			};
			name = Debug;
		};
		2A9C94101EA7F8D300D38E14 /* Release */ = {
			isa = XCBuildConfiguration;
			buildSettings = {
				ALWAYS_SEARCH_USER_PATHS = NO;
				CLANG_ANALYZER_NONNULL = YES;
				CLANG_ANALYZER_NUMBER_OBJECT_CONVERSION = YES_AGGRESSIVE;
				CLANG_CXX_LANGUAGE_STANDARD = "gnu++0x";
				CLANG_CXX_LIBRARY = "libc++";
				CLANG_ENABLE_MODULES = YES;
				CLANG_ENABLE_OBJC_ARC = YES;
				CLANG_WARN_BOOL_CONVERSION = YES;
				CLANG_WARN_CONSTANT_CONVERSION = YES;
				CLANG_WARN_DIRECT_OBJC_ISA_USAGE = YES_ERROR;
				CLANG_WARN_DOCUMENTATION_COMMENTS = YES;
				CLANG_WARN_EMPTY_BODY = YES;
				CLANG_WARN_ENUM_CONVERSION = YES;
				CLANG_WARN_INFINITE_RECURSION = YES;
				CLANG_WARN_INT_CONVERSION = YES;
				CLANG_WARN_OBJC_ROOT_CLASS = YES_ERROR;
				CLANG_WARN_SUSPICIOUS_MOVE = YES;
				CLANG_WARN_UNREACHABLE_CODE = YES;
				CLANG_WARN__DUPLICATE_METHOD_MATCH = YES;
				"CODE_SIGN_IDENTITY[sdk=iphoneos*]" = "iPhone Developer";
				COPY_PHASE_STRIP = NO;
				DEBUG_INFORMATION_FORMAT = "dwarf-with-dsym";
				ENABLE_NS_ASSERTIONS = NO;
				ENABLE_STRICT_OBJC_MSGSEND = YES;
				GCC_C_LANGUAGE_STANDARD = gnu99;
				GCC_NO_COMMON_BLOCKS = YES;
				GCC_WARN_64_TO_32_BIT_CONVERSION = YES;
				GCC_WARN_ABOUT_RETURN_TYPE = YES_ERROR;
				GCC_WARN_UNDECLARED_SELECTOR = YES;
				GCC_WARN_UNINITIALIZED_AUTOS = YES_AGGRESSIVE;
				GCC_WARN_UNUSED_FUNCTION = YES;
				GCC_WARN_UNUSED_VARIABLE = YES;
				IPHONEOS_DEPLOYMENT_TARGET = 10.3;
				MTL_ENABLE_DEBUG_INFO = NO;
				SDKROOT = iphoneos;
				SWIFT_OPTIMIZATION_LEVEL = "-Owholemodule";
				TARGETED_DEVICE_FAMILY = "1,2";
				VALIDATE_PRODUCT = YES;
			};
			name = Release;
		};
		2A9C94121EA7F8D300D38E14 /* Debug */ = {
			isa = XCBuildConfiguration;
			baseConfigurationReference = 3C9CB6E3DE1EF69371923CBD /* Pods-litroomsocial.debug.xcconfig */;
			buildSettings = {
				ASSETCATALOG_COMPILER_APPICON_NAME = AppIcon;
				DEVELOPMENT_TEAM = 9Q6XD4YG28;
				INFOPLIST_FILE = litroomsocial/Info.plist;
				LD_RUNPATH_SEARCH_PATHS = "$(inherited) @executable_path/Frameworks";
				PRODUCT_BUNDLE_IDENTIFIER = com.litroom.litroomsocial;
				PRODUCT_NAME = "$(TARGET_NAME)";
				SWIFT_VERSION = 3.0;
			};
			name = Debug;
		};
		2A9C94131EA7F8D300D38E14 /* Release */ = {
			isa = XCBuildConfiguration;
			baseConfigurationReference = C41C4631CA7A274DC6A06751 /* Pods-litroomsocial.release.xcconfig */;
			buildSettings = {
				ASSETCATALOG_COMPILER_APPICON_NAME = AppIcon;
				DEVELOPMENT_TEAM = 9Q6XD4YG28;
				INFOPLIST_FILE = litroomsocial/Info.plist;
				LD_RUNPATH_SEARCH_PATHS = "$(inherited) @executable_path/Frameworks";
				PRODUCT_BUNDLE_IDENTIFIER = com.litroom.litroomsocial;
				PRODUCT_NAME = "$(TARGET_NAME)";
				SWIFT_VERSION = 3.0;
			};
			name = Release;
		};
		2A9C94151EA7F8D300D38E14 /* Debug */ = {
			isa = XCBuildConfiguration;
			baseConfigurationReference = C273DA70FD1F41AC6BEA4454 /* Pods-litroomsocialTests.debug.xcconfig */;
			buildSettings = {
				ALWAYS_EMBED_SWIFT_STANDARD_LIBRARIES = YES;
				BUNDLE_LOADER = "$(TEST_HOST)";
				INFOPLIST_FILE = litroomsocialTests/Info.plist;
				LD_RUNPATH_SEARCH_PATHS = "$(inherited) @executable_path/Frameworks @loader_path/Frameworks";
				PRODUCT_BUNDLE_IDENTIFIER = com.litroom.litroomsocialTests;
				PRODUCT_NAME = "$(TARGET_NAME)";
				SWIFT_VERSION = 3.0;
				TEST_HOST = "$(BUILT_PRODUCTS_DIR)/litroomsocial.app/litroomsocial";
			};
			name = Debug;
		};
		2A9C94161EA7F8D300D38E14 /* Release */ = {
			isa = XCBuildConfiguration;
			baseConfigurationReference = AE94547A02BC915BF30501DA /* Pods-litroomsocialTests.release.xcconfig */;
			buildSettings = {
				ALWAYS_EMBED_SWIFT_STANDARD_LIBRARIES = YES;
				BUNDLE_LOADER = "$(TEST_HOST)";
				INFOPLIST_FILE = litroomsocialTests/Info.plist;
				LD_RUNPATH_SEARCH_PATHS = "$(inherited) @executable_path/Frameworks @loader_path/Frameworks";
				PRODUCT_BUNDLE_IDENTIFIER = com.litroom.litroomsocialTests;
				PRODUCT_NAME = "$(TARGET_NAME)";
				SWIFT_VERSION = 3.0;
				TEST_HOST = "$(BUILT_PRODUCTS_DIR)/litroomsocial.app/litroomsocial";
			};
			name = Release;
		};
/* End XCBuildConfiguration section */

/* Begin XCConfigurationList section */
		2A9C93EC1EA7F8D200D38E14 /* Build configuration list for PBXProject "litroomsocial" */ = {
			isa = XCConfigurationList;
			buildConfigurations = (
				2A9C940F1EA7F8D300D38E14 /* Debug */,
				2A9C94101EA7F8D300D38E14 /* Release */,
			);
			defaultConfigurationIsVisible = 0;
			defaultConfigurationName = Release;
		};
		2A9C94111EA7F8D300D38E14 /* Build configuration list for PBXNativeTarget "litroomsocial" */ = {
			isa = XCConfigurationList;
			buildConfigurations = (
				2A9C94121EA7F8D300D38E14 /* Debug */,
				2A9C94131EA7F8D300D38E14 /* Release */,
			);
			defaultConfigurationIsVisible = 0;
			defaultConfigurationName = Release;
		};
		2A9C94141EA7F8D300D38E14 /* Build configuration list for PBXNativeTarget "litroomsocialTests" */ = {
			isa = XCConfigurationList;
			buildConfigurations = (
				2A9C94151EA7F8D300D38E14 /* Debug */,
				2A9C94161EA7F8D300D38E14 /* Release */,
			);
			defaultConfigurationIsVisible = 0;
			defaultConfigurationName = Release;
		};
/* End XCConfigurationList section */

/* Begin XCVersionGroup section */
		2A9C93FB1EA7F8D200D38E14 /* litroomsocial.xcdatamodeld */ = {
			isa = XCVersionGroup;
			children = (
				2A9C93FC1EA7F8D200D38E14 /* litroomsocial.xcdatamodel */,
			);
			currentVersion = 2A9C93FC1EA7F8D200D38E14 /* litroomsocial.xcdatamodel */;
			path = litroomsocial.xcdatamodeld;
			sourceTree = "<group>";
			versionGroupType = wrapper.xcdatamodel;
		};
/* End XCVersionGroup section */
	};
	rootObject = 2A9C93E91EA7F8D200D38E14 /* Project object */;
}
